
Microsoft Visual Studio Solution File, Format Version 12.00
# Visual Studio Version 16
VisualStudioVersion = 16.0.31112.23
MinimumVisualStudioVersion = 10.0.40219.1
Project("{FAE04EC0-301F-11D3-BF4B-00C04F79EFBC}") = "BasicAuth", "BasicAuth\BasicAuth.csproj", "{49D1DC50-49EC-4A89-9084-5D32881423C2}"
EndProject
Project("{FAE04EC0-301F-11D3-BF4B-00C04F79EFBC}") = "Core", "Core\Core.csproj", "{5B0B6766-DE0D-452C-9D4B-E801E570E35B}"
EndProject
Global
	GlobalSection(SolutionConfigurationPlatforms) = preSolution
		Debug|Any CPU = Debug|Any CPU
		Release|Any CPU = Release|Any CPU
	EndGlobalSection
	GlobalSection(ProjectConfigurationPlatforms) = postSolution
		{49D1DC50-49EC-4A89-9084-5D32881423C2}.Debug|Any CPU.ActiveCfg = Debug|Any CPU
		{49D1DC50-49EC-4A89-9084-5D32881423C2}.Debug|Any CPU.Build.0 = Debug|Any CPU
		{49D1DC50-49EC-4A89-9084-5D32881423C2}.Release|Any CPU.ActiveCfg = Release|Any CPU
		{49D1DC50-49EC-4A89-9084-5D32881423C2}.Release|Any CPU.Build.0 = Release|Any CPU
		{5B0B6766-DE0D-452C-9D4B-E801E570E35B}.Debug|Any CPU.ActiveCfg = Debug|Any CPU
		{5B0B6766-DE0D-452C-9D4B-E801E570E35B}.Debug|Any CPU.Build.0 = Debug|Any CPU
		{5B0B6766-DE0D-452C-9D4B-E801E570E35B}.Release|Any CPU.ActiveCfg = Release|Any CPU
		{5B0B6766-DE0D-452C-9D4B-E801E570E35B}.Release|Any CPU.Build.0 = Release|Any CPU
	EndGlobalSection
	GlobalSection(SolutionProperties) = preSolution
		HideSolutionNode = FALSE
	EndGlobalSection
	GlobalSection(ExtensibilityGlobals) = postSolution
		SolutionGuid = {3005E0AE-F09E-471E-A2A0-5BE4BF4E7FD3}
	EndGlobalSection
EndGlobal
